
Microsoft Visual Studio Solution File, Format Version 12.00
# Visual Studio Version 17
VisualStudioVersion = 17.6.33829.357
MinimumVisualStudioVersion = 10.0.40219.1
Project("{FAE04EC0-301F-11D3-BF4B-00C04F79EFBC}") = "HW6-4", "HW6-4\HW6-4.csproj", "{6510DDE2-E347-47C3-9D43-4CF42B704ADA}"
EndProject
Global
	GlobalSection(SolutionConfigurationPlatforms) = preSolution
		Debug|Any CPU = Debug|Any CPU
		Release|Any CPU = Release|Any CPU
	EndGlobalSection
	GlobalSection(ProjectConfigurationPlatforms) = postSolution
		{6510DDE2-E347-47C3-9D43-4CF42B704ADA}.Debug|Any CPU.ActiveCfg = Debug|Any CPU
		{6510DDE2-E347-47C3-9D43-4CF42B704ADA}.Debug|Any CPU.Build.0 = Debug|Any CPU
		{6510DDE2-E347-47C3-9D43-4CF42B704ADA}.Release|Any CPU.ActiveCfg = Release|Any CPU
		{6510DDE2-E347-47C3-9D43-4CF42B704ADA}.Release|Any CPU.Build.0 = Release|Any CPU
	EndGlobalSection
	GlobalSection(SolutionProperties) = preSolution
		HideSolutionNode = FALSE
	EndGlobalSection
	GlobalSection(ExtensibilityGlobals) = postSolution
		SolutionGuid = {00C0CFDC-DB7C-4DB7-8709-8204EE9CB14A}
	EndGlobalSection
EndGlobal
